// !$*UTF8*$!
{
	archiveVersion = 1;
	classes = {
	};
	objectVersion = 56;
	objects = {

/* Begin PBXBuildFile section */
		100000000000000000000001 /* APIError.swift in Sources */ = {isa = PBXBuildFile; fileRef = 200000000000000000000001 /* APIError.swift */; };
		100000000000000000000002 /* APIModels.swift in Sources */ = {isa = PBXBuildFile; fileRef = 200000000000000000000002 /* APIModels.swift */; };
		100000000000000000000003 /* EventModels.swift in Sources */ = {isa = PBXBuildFile; fileRef = 200000000000000000000003 /* EventModels.swift */; };
		100000000000000000000004 /* JSONValue.swift in Sources */ = {isa = PBXBuildFile; fileRef = 200000000000000000000004 /* JSONValue.swift */; };
		100000000000000000000005 /* ConnectionConfiguration.swift in Sources */ = {isa = PBXBuildFile; fileRef = 200000000000000000000005 /* ConnectionConfiguration.swift */; };
		100000000000000000000006 /* HTTPTransport.swift in Sources */ = {isa = PBXBuildFile; fileRef = 200000000000000000000006 /* HTTPTransport.swift */; };
		100000000000000000000007 /* VeetbotAPIClient.swift in Sources */ = {isa = PBXBuildFile; fileRef = 200000000000000000000007 /* VeetbotAPIClient.swift */; };
		100000000000000000000008 /* ReconnectingEventStream.swift in Sources */ = {isa = PBXBuildFile; fileRef = 200000000000000000000008 /* ReconnectingEventStream.swift */; };
		100000000000000000000009 /* SSEReader.swift in Sources */ = {isa = PBXBuildFile; fileRef = 200000000000000000000009 /* SSEReader.swift */; };
		10000000000000000000000A /* ArtifactCache.swift in Sources */ = {isa = PBXBuildFile; fileRef = 20000000000000000000000A /* ArtifactCache.swift */; };
		10000000000000000000000B /* FileSessionHistoryStore.swift in Sources */ = {isa = PBXBuildFile; fileRef = 20000000000000000000000B /* FileSessionHistoryStore.swift */; };
		10000000000000000000000C /* KeychainTokenStore.swift in Sources */ = {isa = PBXBuildFile; fileRef = 20000000000000000000000C /* KeychainTokenStore.swift */; };
		10000000000000000000000D /* SessionHistoryStore.swift in Sources */ = {isa = PBXBuildFile; fileRef = 20000000000000000000000D /* SessionHistoryStore.swift */; };
		10000000000000000000000E /* SwiftDataSessionHistoryStore.swift in Sources */ = {isa = PBXBuildFile; fileRef = 20000000000000000000000E /* SwiftDataSessionHistoryStore.swift */; };
		10000000000000000000000F /* ChatViewModel.swift in Sources */ = {isa = PBXBuildFile; fileRef = 20000000000000000000000F /* ChatViewModel.swift */; };
		100000000000000000000010 /* RunStateReducer.swift in Sources */ = {isa = PBXBuildFile; fileRef = 200000000000000000000010 /* RunStateReducer.swift */; };
		100000000000000000000011 /* ActivityViews.swift in Sources */ = {isa = PBXBuildFile; fileRef = 200000000000000000000011 /* ActivityViews.swift */; };
		100000000000000000000012 /* ArtifactViewerView.swift in Sources */ = {isa = PBXBuildFile; fileRef = 200000000000000000000012 /* ArtifactViewerView.swift */; };
		100000000000000000000013 /* ChatView.swift in Sources */ = {isa = PBXBuildFile; fileRef = 200000000000000000000013 /* ChatView.swift */; };
		100000000000000000000014 /* ConnectionSettingsView.swift in Sources */ = {isa = PBXBuildFile; fileRef = 200000000000000000000014 /* ConnectionSettingsView.swift */; };
		100000000000000000000015 /* RootView.swift in Sources */ = {isa = PBXBuildFile; fileRef = 200000000000000000000015 /* RootView.swift */; };
		100000000000000000000016 /* VeetbotApp.swift in Sources */ = {isa = PBXBuildFile; fileRef = 200000000000000000000016 /* VeetbotApp.swift */; };
		100000000000000000000017 /* Assets.xcassets in Resources */ = {isa = PBXBuildFile; fileRef = 200000000000000000000017 /* Assets.xcassets */; };
		100000000000000000000019 /* ComposerTextEditor.swift in Sources */ = {isa = PBXBuildFile; fileRef = 200000000000000000000019 /* ComposerTextEditor.swift */; };
		10000000000000000000001A /* AppTheme.swift in Sources */ = {isa = PBXBuildFile; fileRef = 20000000000000000000001A /* AppTheme.swift */; };
/* End PBXBuildFile section */

/* Begin PBXFileReference section */
		200000000000000000000001 /* APIError.swift */ = {isa = PBXFileReference; lastKnownFileType = sourcecode.swift; path = APIError.swift; sourceTree = "<group>"; };
		200000000000000000000002 /* APIModels.swift */ = {isa = PBXFileReference; lastKnownFileType = sourcecode.swift; path = APIModels.swift; sourceTree = "<group>"; };
		200000000000000000000003 /* EventModels.swift */ = {isa = PBXFileReference; lastKnownFileType = sourcecode.swift; path = EventModels.swift; sourceTree = "<group>"; };
		200000000000000000000004 /* JSONValue.swift */ = {isa = PBXFileReference; lastKnownFileType = sourcecode.swift; path = JSONValue.swift; sourceTree = "<group>"; };
		200000000000000000000005 /* ConnectionConfiguration.swift */ = {isa = PBXFileReference; lastKnownFileType = sourcecode.swift; path = ConnectionConfiguration.swift; sourceTree = "<group>"; };
		200000000000000000000006 /* HTTPTransport.swift */ = {isa = PBXFileReference; lastKnownFileType = sourcecode.swift; path = HTTPTransport.swift; sourceTree = "<group>"; };
		200000000000000000000007 /* VeetbotAPIClient.swift */ = {isa = PBXFileReference; lastKnownFileType = sourcecode.swift; path = VeetbotAPIClient.swift; sourceTree = "<group>"; };
		200000000000000000000008 /* ReconnectingEventStream.swift */ = {isa = PBXFileReference; lastKnownFileType = sourcecode.swift; path = ReconnectingEventStream.swift; sourceTree = "<group>"; };
		200000000000000000000009 /* SSEReader.swift */ = {isa = PBXFileReference; lastKnownFileType = sourcecode.swift; path = SSEReader.swift; sourceTree = "<group>"; };
		20000000000000000000000A /* ArtifactCache.swift */ = {isa = PBXFileReference; lastKnownFileType = sourcecode.swift; path = ArtifactCache.swift; sourceTree = "<group>"; };
		20000000000000000000000B /* FileSessionHistoryStore.swift */ = {isa = PBXFileReference; lastKnownFileType = sourcecode.swift; path = FileSessionHistoryStore.swift; sourceTree = "<group>"; };
		20000000000000000000000C /* KeychainTokenStore.swift */ = {isa = PBXFileReference; lastKnownFileType = sourcecode.swift; path = KeychainTokenStore.swift; sourceTree = "<group>"; };
		20000000000000000000000D /* SessionHistoryStore.swift */ = {isa = PBXFileReference; lastKnownFileType = sourcecode.swift; path = SessionHistoryStore.swift; sourceTree = "<group>"; };
		20000000000000000000000E /* SwiftDataSessionHistoryStore.swift */ = {isa = PBXFileReference; lastKnownFileType = sourcecode.swift; path = SwiftDataSessionHistoryStore.swift; sourceTree = "<group>"; };
		20000000000000000000000F /* ChatViewModel.swift */ = {isa = PBXFileReference; lastKnownFileType = sourcecode.swift; path = ChatViewModel.swift; sourceTree = "<group>"; };
		200000000000000000000010 /* RunStateReducer.swift */ = {isa = PBXFileReference; lastKnownFileType = sourcecode.swift; path = RunStateReducer.swift; sourceTree = "<group>"; };
		200000000000000000000011 /* ActivityViews.swift */ = {isa = PBXFileReference; lastKnownFileType = sourcecode.swift; path = ActivityViews.swift; sourceTree = "<group>"; };
		200000000000000000000012 /* ArtifactViewerView.swift */ = {isa = PBXFileReference; lastKnownFileType = sourcecode.swift; path = ArtifactViewerView.swift; sourceTree = "<group>"; };
		200000000000000000000013 /* ChatView.swift */ = {isa = PBXFileReference; lastKnownFileType = sourcecode.swift; path = ChatView.swift; sourceTree = "<group>"; };
		200000000000000000000014 /* ConnectionSettingsView.swift */ = {isa = PBXFileReference; lastKnownFileType = sourcecode.swift; path = ConnectionSettingsView.swift; sourceTree = "<group>"; };
		200000000000000000000015 /* RootView.swift */ = {isa = PBXFileReference; lastKnownFileType = sourcecode.swift; path = RootView.swift; sourceTree = "<group>"; };
		200000000000000000000016 /* VeetbotApp.swift */ = {isa = PBXFileReference; lastKnownFileType = sourcecode.swift; path = VeetbotApp.swift; sourceTree = "<group>"; };
		200000000000000000000017 /* Assets.xcassets */ = {isa = PBXFileReference; lastKnownFileType = folder.assetcatalog; path = Assets.xcassets; sourceTree = "<group>"; };
		200000000000000000000018 /* Veetbot.app */ = {isa = PBXFileReference; explicitFileType = wrapper.application; includeInIndex = 0; path = Veetbot.app; sourceTree = BUILT_PRODUCTS_DIR; };
		200000000000000000000019 /* ComposerTextEditor.swift */ = {isa = PBXFileReference; lastKnownFileType = sourcecode.swift; path = ComposerTextEditor.swift; sourceTree = "<group>"; };
		20000000000000000000001A /* AppTheme.swift */ = {isa = PBXFileReference; lastKnownFileType = sourcecode.swift; path = AppTheme.swift; sourceTree = "<group>"; };
		6E9D16E3302FB8C900D2A51F /* Veetbot.entitlements */ = {isa = PBXFileReference; lastKnownFileType = text.plist.entitlements; path = Veetbot.entitlements; sourceTree = "<group>"; };
/* End PBXFileReference section */

/* Begin PBXFrameworksBuildPhase section */
		500000000000000000000002 /* Frameworks */ = {
			isa = PBXFrameworksBuildPhase;
			buildActionMask = 2147483647;
			files = (
			);
			runOnlyForDeploymentPostprocessing = 0;
		};
/* End PBXFrameworksBuildPhase section */

/* Begin PBXGroup section */
		400000000000000000000001 = {
			isa = PBXGroup;
			children = (
				400000000000000000000002 /* Veetbot */,
				40000000000000000000000A /* Products */,
			);
			sourceTree = "<group>";
		};
		400000000000000000000002 /* Veetbot */ = {
			isa = PBXGroup;
			children = (
				6E9D16E3302FB8C900D2A51F /* Veetbot.entitlements */,
				400000000000000000000003 /* Models */,
				400000000000000000000004 /* Networking */,
				400000000000000000000005 /* Streaming */,
				400000000000000000000006 /* Store */,
				400000000000000000000007 /* ViewModels */,
				400000000000000000000008 /* Views */,
				400000000000000000000009 /* Resources */,
				200000000000000000000016 /* VeetbotApp.swift */,
			);
			path = Veetbot;
			sourceTree = "<group>";
		};
		400000000000000000000003 /* Models */ = {
			isa = PBXGroup;
			children = (
				200000000000000000000001 /* APIError.swift */,
				200000000000000000000002 /* APIModels.swift */,
				200000000000000000000003 /* EventModels.swift */,
				200000000000000000000004 /* JSONValue.swift */,
			);
			path = Models;
			sourceTree = "<group>";
		};
		400000000000000000000004 /* Networking */ = {
			isa = PBXGroup;
			children = (
				200000000000000000000005 /* ConnectionConfiguration.swift */,
				200000000000000000000006 /* HTTPTransport.swift */,
				200000000000000000000007 /* VeetbotAPIClient.swift */,
			);
			path = Networking;
			sourceTree = "<group>";
		};
		400000000000000000000005 /* Streaming */ = {
			isa = PBXGroup;
			children = (
				200000000000000000000008 /* ReconnectingEventStream.swift */,
				200000000000000000000009 /* SSEReader.swift */,
			);
			path = Streaming;
			sourceTree = "<group>";
		};
		400000000000000000000006 /* Store */ = {
			isa = PBXGroup;
			children = (
				20000000000000000000000A /* ArtifactCache.swift */,
				20000000000000000000000B /* FileSessionHistoryStore.swift */,
				20000000000000000000000C /* KeychainTokenStore.swift */,
				20000000000000000000000D /* SessionHistoryStore.swift */,
				20000000000000000000000E /* SwiftDataSessionHistoryStore.swift */,
			);
			path = Store;
			sourceTree = "<group>";
		};
		400000000000000000000007 /* ViewModels */ = {
			isa = PBXGroup;
			children = (
				20000000000000000000000F /* ChatViewModel.swift */,
				200000000000000000000010 /* RunStateReducer.swift */,
			);
			path = ViewModels;
			sourceTree = "<group>";
		};
		400000000000000000000008 /* Views */ = {
			isa = PBXGroup;
			children = (
				20000000000000000000001A /* AppTheme.swift */,
				200000000000000000000011 /* ActivityViews.swift */,
				200000000000000000000012 /* ArtifactViewerView.swift */,
				200000000000000000000013 /* ChatView.swift */,
				200000000000000000000019 /* ComposerTextEditor.swift */,
				200000000000000000000014 /* ConnectionSettingsView.swift */,
				200000000000000000000015 /* RootView.swift */,
			);
			path = Views;
			sourceTree = "<group>";
		};
		400000000000000000000009 /* Resources */ = {
			isa = PBXGroup;
			children = (
				200000000000000000000017 /* Assets.xcassets */,
			);
			path = Resources;
			sourceTree = "<group>";
		};
		40000000000000000000000A /* Products */ = {
			isa = PBXGroup;
			children = (
				200000000000000000000018 /* Veetbot.app */,
			);
			name = Products;
			sourceTree = "<group>";
		};
/* End PBXGroup section */

/* Begin PBXNativeTarget section */
		600000000000000000000001 /* Veetbot */ = {
			isa = PBXNativeTarget;
			buildConfigurationList = 800000000000000000000002 /* Build configuration list for PBXNativeTarget "Veetbot" */;
			buildPhases = (
				500000000000000000000001 /* Sources */,
				500000000000000000000002 /* Frameworks */,
				500000000000000000000003 /* Resources */,
			);
			buildRules = (
			);
			dependencies = (
			);
			name = Veetbot;
			productName = Veetbot;
			productReference = 200000000000000000000018 /* Veetbot.app */;
			productType = "com.apple.product-type.application";
		};
/* End PBXNativeTarget section */

/* Begin PBXProject section */
		700000000000000000000001 /* Project object */ = {
			isa = PBXProject;
			attributes = {
				BuildIndependentTargetsInParallel = 1;
				LastSwiftUpdateCheck = 1600;
				LastUpgradeCheck = 1600;
				TargetAttributes = {
					600000000000000000000001 = {
						CreatedOnToolsVersion = 16.0;
					};
				};
			};
			buildConfigurationList = 800000000000000000000001 /* Build configuration list for PBXProject "Veetbot" */;
			compatibilityVersion = "Xcode 14.0";
			developmentRegion = en;
			hasScannedForEncodings = 0;
			knownRegions = (
				en,
				Base,
			);
			mainGroup = 400000000000000000000001;
			productRefGroup = 40000000000000000000000A /* Products */;
			projectDirPath = "";
			projectRoot = "";
			targets = (
				600000000000000000000001 /* Veetbot */,
			);
		};
/* End PBXProject section */

/* Begin PBXResourcesBuildPhase section */
		500000000000000000000003 /* Resources */ = {
			isa = PBXResourcesBuildPhase;
			buildActionMask = 2147483647;
			files = (
				100000000000000000000017 /* Assets.xcassets in Resources */,
			);
			runOnlyForDeploymentPostprocessing = 0;
		};
/* End PBXResourcesBuildPhase section */

/* Begin PBXSourcesBuildPhase section */
		500000000000000000000001 /* Sources */ = {
			isa = PBXSourcesBuildPhase;
			buildActionMask = 2147483647;
			files = (
				100000000000000000000001 /* APIError.swift in Sources */,
				100000000000000000000002 /* APIModels.swift in Sources */,
				100000000000000000000003 /* EventModels.swift in Sources */,
				100000000000000000000004 /* JSONValue.swift in Sources */,
				100000000000000000000005 /* ConnectionConfiguration.swift in Sources */,
				100000000000000000000006 /* HTTPTransport.swift in Sources */,
				100000000000000000000007 /* VeetbotAPIClient.swift in Sources */,
				100000000000000000000008 /* ReconnectingEventStream.swift in Sources */,
				100000000000000000000009 /* SSEReader.swift in Sources */,
				10000000000000000000000A /* ArtifactCache.swift in Sources */,
				10000000000000000000000B /* FileSessionHistoryStore.swift in Sources */,
				10000000000000000000000C /* KeychainTokenStore.swift in Sources */,
				10000000000000000000000D /* SessionHistoryStore.swift in Sources */,
				10000000000000000000000E /* SwiftDataSessionHistoryStore.swift in Sources */,
				10000000000000000000000F /* ChatViewModel.swift in Sources */,
				100000000000000000000010 /* RunStateReducer.swift in Sources */,
				100000000000000000000011 /* ActivityViews.swift in Sources */,
				100000000000000000000012 /* ArtifactViewerView.swift in Sources */,
				100000000000000000000013 /* ChatView.swift in Sources */,
				10000000000000000000001A /* AppTheme.swift in Sources */,
				100000000000000000000019 /* ComposerTextEditor.swift in Sources */,
				100000000000000000000014 /* ConnectionSettingsView.swift in Sources */,
				100000000000000000000015 /* RootView.swift in Sources */,
				100000000000000000000016 /* VeetbotApp.swift in Sources */,
			);
			runOnlyForDeploymentPostprocessing = 0;
		};
/* End PBXSourcesBuildPhase section */

/* Begin XCBuildConfiguration section */
		900000000000000000000001 /* Debug */ = {
			isa = XCBuildConfiguration;
			buildSettings = {
				ALWAYS_SEARCH_USER_PATHS = NO;
				CLANG_ENABLE_MODULES = YES;
				CLANG_ENABLE_OBJC_ARC = YES;
				COPY_PHASE_STRIP = NO;
				DEBUG_INFORMATION_FORMAT = dwarf;
				ENABLE_TESTABILITY = YES;
				GCC_C_LANGUAGE_STANDARD = gnu17;
				GCC_NO_COMMON_BLOCKS = YES;
				GCC_OPTIMIZATION_LEVEL = 0;
				MTL_ENABLE_DEBUG_INFO = INCLUDE_SOURCE;
				ONLY_ACTIVE_ARCH = YES;
				SWIFT_ACTIVE_COMPILATION_CONDITIONS = DEBUG;
				SWIFT_OPTIMIZATION_LEVEL = "-Onone";
			};
			name = Debug;
		};
		900000000000000000000002 /* Release */ = {
			isa = XCBuildConfiguration;
			buildSettings = {
				ALWAYS_SEARCH_USER_PATHS = NO;
				CLANG_ENABLE_MODULES = YES;
				CLANG_ENABLE_OBJC_ARC = YES;
				COPY_PHASE_STRIP = NO;
				DEBUG_INFORMATION_FORMAT = "dwarf-with-dsym";
				ENABLE_NS_ASSERTIONS = NO;
				GCC_C_LANGUAGE_STANDARD = gnu17;
				GCC_NO_COMMON_BLOCKS = YES;
				MTL_ENABLE_DEBUG_INFO = NO;
				SWIFT_COMPILATION_MODE = wholemodule;
			};
			name = Release;
		};
		900000000000000000000003 /* Debug */ = {
			isa = XCBuildConfiguration;
			buildSettings = {
				ASSETCATALOG_COMPILER_APPICON_NAME = AppIcon;
				CODE_SIGN_ENTITLEMENTS = Veetbot/Veetbot.entitlements;
				"CODE_SIGN_IDENTITY[sdk=macosx*]" = "Apple Development";
				CODE_SIGN_STYLE = Automatic;
				CURRENT_PROJECT_VERSION = 1;
				DEVELOPMENT_TEAM = 9UW358LB5Z;
				ENABLE_APP_SANDBOX = YES;
				ENABLE_HARDENED_RUNTIME = YES;
				ENABLE_OUTGOING_NETWORK_CONNECTIONS = YES;
				ENABLE_USER_SELECTED_FILES = readwrite;
				GENERATE_INFOPLIST_FILE = YES;
				INFOPLIST_KEY_CFBundleDisplayName = Veetbot;
				INFOPLIST_KEY_LSApplicationCategoryType = "public.app-category.productivity";
				INFOPLIST_KEY_UIApplicationSceneManifest_Generation = YES;
				INFOPLIST_KEY_UIApplicationSupportsIndirectInputEvents = YES;
				INFOPLIST_KEY_UILaunchScreen_Generation = YES;
				IPHONEOS_DEPLOYMENT_TARGET = 15.0;
				LD_RUNPATH_SEARCH_PATHS = (
					"$(inherited)",
					"@executable_path/Frameworks",
				);
				MACOSX_DEPLOYMENT_TARGET = 12.0;
				MARKETING_VERSION = 0.1.0;
				PRODUCT_BUNDLE_IDENTIFIER = com.veetbot.apple;
				PRODUCT_NAME = "$(TARGET_NAME)";
				SDKROOT = auto;
				SUPPORTED_PLATFORMS = "iphoneos iphonesimulator macosx";
				SUPPORTS_MACCATALYST = NO;
				SWIFT_ACTIVE_COMPILATION_CONDITIONS = "$(inherited) XCODE_BUILD";
				SWIFT_EMIT_LOC_STRINGS = YES;
				SWIFT_VERSION = 5.0;
				TARGETED_DEVICE_FAMILY = "1,2";
			};
			name = Debug;
		};
		900000000000000000000004 /* Release */ = {
			isa = XCBuildConfiguration;
			buildSettings = {
				ASSETCATALOG_COMPILER_APPICON_NAME = AppIcon;
				CODE_SIGN_ENTITLEMENTS = Veetbot/Veetbot.entitlements;
				"CODE_SIGN_IDENTITY[sdk=macosx*]" = "Apple Development";
				CODE_SIGN_STYLE = Automatic;
				CURRENT_PROJECT_VERSION = 1;
				DEVELOPMENT_TEAM = 9UW358LB5Z;
				ENABLE_APP_SANDBOX = YES;
				ENABLE_HARDENED_RUNTIME = YES;
				ENABLE_OUTGOING_NETWORK_CONNECTIONS = YES;
				ENABLE_USER_SELECTED_FILES = readwrite;
				GENERATE_INFOPLIST_FILE = YES;
				INFOPLIST_KEY_CFBundleDisplayName = Veetbot;
				INFOPLIST_KEY_LSApplicationCategoryType = "public.app-category.productivity";
				INFOPLIST_KEY_UIApplicationSceneManifest_Generation = YES;
				INFOPLIST_KEY_UIApplicationSupportsIndirectInputEvents = YES;
				INFOPLIST_KEY_UILaunchScreen_Generation = YES;
				IPHONEOS_DEPLOYMENT_TARGET = 15.0;
				LD_RUNPATH_SEARCH_PATHS = (
					"$(inherited)",
					"@executable_path/Frameworks",
				);
				MACOSX_DEPLOYMENT_TARGET = 12.0;
				MARKETING_VERSION = 0.1.0;
				PRODUCT_BUNDLE_IDENTIFIER = com.veetbot.apple;
				PRODUCT_NAME = "$(TARGET_NAME)";
				SDKROOT = auto;
				SUPPORTED_PLATFORMS = "iphoneos iphonesimulator macosx";
				SUPPORTS_MACCATALYST = NO;
				SWIFT_ACTIVE_COMPILATION_CONDITIONS = "$(inherited) XCODE_BUILD";
				SWIFT_EMIT_LOC_STRINGS = YES;
				SWIFT_VERSION = 5.0;
				TARGETED_DEVICE_FAMILY = "1,2";
			};
			name = Release;
		};
/* End XCBuildConfiguration section */

/* Begin XCConfigurationList section */
		800000000000000000000001 /* Build configuration list for PBXProject "Veetbot" */ = {
			isa = XCConfigurationList;
			buildConfigurations = (
				900000000000000000000001 /* Debug */,
				900000000000000000000002 /* Release */,
			);
			defaultConfigurationIsVisible = 0;
			defaultConfigurationName = Release;
		};
		800000000000000000000002 /* Build configuration list for PBXNativeTarget "Veetbot" */ = {
			isa = XCConfigurationList;
			buildConfigurations = (
				900000000000000000000003 /* Debug */,
				900000000000000000000004 /* Release */,
			);
			defaultConfigurationIsVisible = 0;
			defaultConfigurationName = Release;
		};
/* End XCConfigurationList section */
	};
	rootObject = 700000000000000000000001 /* Project object */;
}
